
Microsoft Visual Studio Solution File, Format Version 12.00
# Visual Studio 14
VisualStudioVersion = 14.0.25420.1
MinimumVisualStudioVersion = 10.0.40219.1
Project("{FAE04EC0-301F-11D3-BF4B-00C04F79EFBC}") = "MyLib", "Lab2\MyLib.csproj", "{8B26C553-84B7-4A29-A664-0501D11F87C4}"
EndProject
Project("{FAE04EC0-301F-11D3-BF4B-00C04F79EFBC}") = "UseLib", "UseLib\UseLib.csproj", "{C076FCF6-302F-47AA-935C-50B2D4FD515B}"
EndProject
Global
	GlobalSection(SolutionConfigurationPlatforms) = preSolution
		Debug|Any CPU = Debug|Any CPU
		Release|Any CPU = Release|Any CPU
	EndGlobalSection
	GlobalSection(ProjectConfigurationPlatforms) = postSolution
		{8B26C553-84B7-4A29-A664-0501D11F87C4}.Debug|Any CPU.ActiveCfg = Debug|Any CPU
		{8B26C553-84B7-4A29-A664-0501D11F87C4}.Debug|Any CPU.Build.0 = Debug|Any CPU
		{8B26C553-84B7-4A29-A664-0501D11F87C4}.Release|Any CPU.ActiveCfg = Release|Any CPU
		{8B26C553-84B7-4A29-A664-0501D11F87C4}.Release|Any CPU.Build.0 = Release|Any CPU
		{C076FCF6-302F-47AA-935C-50B2D4FD515B}.Debug|Any CPU.ActiveCfg = Debug|Any CPU
		{C076FCF6-302F-47AA-935C-50B2D4FD515B}.Debug|Any CPU.Build.0 = Debug|Any CPU
		{C076FCF6-302F-47AA-935C-50B2D4FD515B}.Release|Any CPU.ActiveCfg = Release|Any CPU
		{C076FCF6-302F-47AA-935C-50B2D4FD515B}.Release|Any CPU.Build.0 = Release|Any CPU
	EndGlobalSection
	GlobalSection(SolutionProperties) = preSolution
		HideSolutionNode = FALSE
	EndGlobalSection
EndGlobal
